// !$*UTF8*$!
{
	archiveVersion = 1;
	classes = {
	};
	objectVersion = 56;
	objects = {

/* Begin PBXBuildFile section */
		0A4A24012B193FF000B7787E /* MetalHelperFunctions.metal in Sources */ = {isa = PBXBuildFile; fileRef = 0A4A24002B193FF000B7787E /* MetalHelperFunctions.metal */; };
		0A4A24032B19401600B7787E /* MetalShader.swift in Sources */ = {isa = PBXBuildFile; fileRef = 0A4A24022B19401600B7787E /* MetalShader.swift */; };
		0A4A24052B1955DC00B7787E /* HomeView.swift in Sources */ = {isa = PBXBuildFile; fileRef = 0A4A24042B1955DC00B7787E /* HomeView.swift */; };
		0A4A24072B19620900B7787E /* FilterButton.swift in Sources */ = {isa = PBXBuildFile; fileRef = 0A4A24062B19620900B7787E /* FilterButton.swift */; };
		0A4A240D2B1A2AC900B7787E /* CustomShaders.metal in Sources */ = {isa = PBXBuildFile; fileRef = 0A4A240C2B1A2AC900B7787E /* CustomShaders.metal */; };
		0A4A240F2B1A2B8D00B7787E /* CustomShadersView.swift in Sources */ = {isa = PBXBuildFile; fileRef = 0A4A240E2B1A2B8D00B7787E /* CustomShadersView.swift */; };
		0A4A24112B1A91E600B7787E /* FilterFunction.swift in Sources */ = {isa = PBXBuildFile; fileRef = 0A4A24102B1A91E600B7787E /* FilterFunction.swift */; };
		0A4A24172B1A9E7900B7787E /* FiltersView.swift in Sources */ = {isa = PBXBuildFile; fileRef = 0A4A24162B1A9E7900B7787E /* FiltersView.swift */; };
		0A4A241A2B1AA04700B7787E /* CustomShaderButton.swift in Sources */ = {isa = PBXBuildFile; fileRef = 0A4A24192B1AA04700B7787E /* CustomShaderButton.swift */; };
		0AA626462B19391A007CD00E /* ImageFiltersApp.swift in Sources */ = {isa = PBXBuildFile; fileRef = 0AA626452B19391A007CD00E /* ImageFiltersApp.swift */; };
		0AA626482B19391A007CD00E /* ContentView.swift in Sources */ = {isa = PBXBuildFile; fileRef = 0AA626472B19391A007CD00E /* ContentView.swift */; };
		0AA6264A2B19391B007CD00E /* Assets.xcassets in Resources */ = {isa = PBXBuildFile; fileRef = 0AA626492B19391B007CD00E /* Assets.xcassets */; };
		0AA6264D2B19391B007CD00E /* Preview Assets.xcassets in Resources */ = {isa = PBXBuildFile; fileRef = 0AA6264C2B19391B007CD00E /* Preview Assets.xcassets */; };
		0AA626572B19391B007CD00E /* ImageFiltersTests.swift in Sources */ = {isa = PBXBuildFile; fileRef = 0AA626562B19391B007CD00E /* ImageFiltersTests.swift */; };
		0AA626612B19391B007CD00E /* ImageFiltersUITests.swift in Sources */ = {isa = PBXBuildFile; fileRef = 0AA626602B19391B007CD00E /* ImageFiltersUITests.swift */; };
		0AA626632B19391B007CD00E /* ImageFiltersUITestsLaunchTests.swift in Sources */ = {isa = PBXBuildFile; fileRef = 0AA626622B19391B007CD00E /* ImageFiltersUITestsLaunchTests.swift */; };
		1FC4DA9E4603AA7B2A88E0B7 /* Pods_ImageFilters_ImageFiltersUITests.framework in Frameworks */ = {isa = PBXBuildFile; fileRef = 01BF1A6EE73B277E3AAD0385 /* Pods_ImageFilters_ImageFiltersUITests.framework */; };
		9A4F143463A35D0234054211 /* Pods_ImageFilters.framework in Frameworks */ = {isa = PBXBuildFile; fileRef = 98FE538F649158D5613B32A8 /* Pods_ImageFilters.framework */; };
		C248021D69ACA59DAA972BCD /* Pods_ImageFiltersTests.framework in Frameworks */ = {isa = PBXBuildFile; fileRef = 41E49D7FF27AFE2C329EC27A /* Pods_ImageFiltersTests.framework */; };
/* End PBXBuildFile section */

/* Begin PBXContainerItemProxy section */
		0AA626532B19391B007CD00E /* PBXContainerItemProxy */ = {
			isa = PBXContainerItemProxy;
			containerPortal = 0AA6263A2B19391A007CD00E /* Project object */;
			proxyType = 1;
			remoteGlobalIDString = 0AA626412B19391A007CD00E;
			remoteInfo = ImageFilters;
		};
		0AA6265D2B19391B007CD00E /* PBXContainerItemProxy */ = {
			isa = PBXContainerItemProxy;
			containerPortal = 0AA6263A2B19391A007CD00E /* Project object */;
			proxyType = 1;
			remoteGlobalIDString = 0AA626412B19391A007CD00E;
			remoteInfo = ImageFilters;
		};
/* End PBXContainerItemProxy section */

/* Begin PBXFileReference section */
		01BF1A6EE73B277E3AAD0385 /* Pods_ImageFilters_ImageFiltersUITests.framework */ = {isa = PBXFileReference; explicitFileType = wrapper.framework; includeInIndex = 0; path = Pods_ImageFilters_ImageFiltersUITests.framework; sourceTree = BUILT_PRODUCTS_DIR; };
		0A4A24002B193FF000B7787E /* MetalHelperFunctions.metal */ = {isa = PBXFileReference; lastKnownFileType = sourcecode.metal; path = MetalHelperFunctions.metal; sourceTree = "<group>"; };
		0A4A24022B19401600B7787E /* MetalShader.swift */ = {isa = PBXFileReference; lastKnownFileType = sourcecode.swift; path = MetalShader.swift; sourceTree = "<group>"; };
		0A4A24042B1955DC00B7787E /* HomeView.swift */ = {isa = PBXFileReference; lastKnownFileType = sourcecode.swift; path = HomeView.swift; sourceTree = "<group>"; };
		0A4A24062B19620900B7787E /* FilterButton.swift */ = {isa = PBXFileReference; lastKnownFileType = sourcecode.swift; path = FilterButton.swift; sourceTree = "<group>"; };
		0A4A240C2B1A2AC900B7787E /* CustomShaders.metal */ = {isa = PBXFileReference; lastKnownFileType = sourcecode.metal; path = CustomShaders.metal; sourceTree = "<group>"; };
		0A4A240E2B1A2B8D00B7787E /* CustomShadersView.swift */ = {isa = PBXFileReference; lastKnownFileType = sourcecode.swift; path = CustomShadersView.swift; sourceTree = "<group>"; };
		0A4A24102B1A91E600B7787E /* FilterFunction.swift */ = {isa = PBXFileReference; lastKnownFileType = sourcecode.swift; path = FilterFunction.swift; sourceTree = "<group>"; };
		0A4A24162B1A9E7900B7787E /* FiltersView.swift */ = {isa = PBXFileReference; lastKnownFileType = sourcecode.swift; path = FiltersView.swift; sourceTree = "<group>"; };
		0A4A24192B1AA04700B7787E /* CustomShaderButton.swift */ = {isa = PBXFileReference; lastKnownFileType = sourcecode.swift; path = CustomShaderButton.swift; sourceTree = "<group>"; };
		0AA626422B19391A007CD00E /* ImageFilters.app */ = {isa = PBXFileReference; explicitFileType = wrapper.application; includeInIndex = 0; path = ImageFilters.app; sourceTree = BUILT_PRODUCTS_DIR; };
		0AA626452B19391A007CD00E /* ImageFiltersApp.swift */ = {isa = PBXFileReference; lastKnownFileType = sourcecode.swift; path = ImageFiltersApp.swift; sourceTree = "<group>"; };
		0AA626472B19391A007CD00E /* ContentView.swift */ = {isa = PBXFileReference; lastKnownFileType = sourcecode.swift; path = ContentView.swift; sourceTree = "<group>"; };
		0AA626492B19391B007CD00E /* Assets.xcassets */ = {isa = PBXFileReference; lastKnownFileType = folder.assetcatalog; path = Assets.xcassets; sourceTree = "<group>"; };
		0AA6264C2B19391B007CD00E /* Preview Assets.xcassets */ = {isa = PBXFileReference; lastKnownFileType = folder.assetcatalog; path = "Preview Assets.xcassets"; sourceTree = "<group>"; };
		0AA626522B19391B007CD00E /* ImageFiltersTests.xctest */ = {isa = PBXFileReference; explicitFileType = wrapper.cfbundle; includeInIndex = 0; path = ImageFiltersTests.xctest; sourceTree = BUILT_PRODUCTS_DIR; };
		0AA626562B19391B007CD00E /* ImageFiltersTests.swift */ = {isa = PBXFileReference; lastKnownFileType = sourcecode.swift; path = ImageFiltersTests.swift; sourceTree = "<group>"; };
		0AA6265C2B19391B007CD00E /* ImageFiltersUITests.xctest */ = {isa = PBXFileReference; explicitFileType = wrapper.cfbundle; includeInIndex = 0; path = ImageFiltersUITests.xctest; sourceTree = BUILT_PRODUCTS_DIR; };
		0AA626602B19391B007CD00E /* ImageFiltersUITests.swift */ = {isa = PBXFileReference; lastKnownFileType = sourcecode.swift; path = ImageFiltersUITests.swift; sourceTree = "<group>"; };
		0AA626622B19391B007CD00E /* ImageFiltersUITestsLaunchTests.swift */ = {isa = PBXFileReference; lastKnownFileType = sourcecode.swift; path = ImageFiltersUITestsLaunchTests.swift; sourceTree = "<group>"; };
		30B18942CDE0813B1B08CF48 /* Pods-ImageFiltersTests.debug.xcconfig */ = {isa = PBXFileReference; includeInIndex = 1; lastKnownFileType = text.xcconfig; name = "Pods-ImageFiltersTests.debug.xcconfig"; path = "Target Support Files/Pods-ImageFiltersTests/Pods-ImageFiltersTests.debug.xcconfig"; sourceTree = "<group>"; };
		41E49D7FF27AFE2C329EC27A /* Pods_ImageFiltersTests.framework */ = {isa = PBXFileReference; explicitFileType = wrapper.framework; includeInIndex = 0; path = Pods_ImageFiltersTests.framework; sourceTree = BUILT_PRODUCTS_DIR; };
		80873D13F466BC59B2DB1CD6 /* Pods-ImageFilters.release.xcconfig */ = {isa = PBXFileReference; includeInIndex = 1; lastKnownFileType = text.xcconfig; name = "Pods-ImageFilters.release.xcconfig"; path = "Target Support Files/Pods-ImageFilters/Pods-ImageFilters.release.xcconfig"; sourceTree = "<group>"; };
		98FE538F649158D5613B32A8 /* Pods_ImageFilters.framework */ = {isa = PBXFileReference; explicitFileType = wrapper.framework; includeInIndex = 0; path = Pods_ImageFilters.framework; sourceTree = BUILT_PRODUCTS_DIR; };
		A2FB90173BB3C0E6FB9D47A9 /* Pods-ImageFilters-ImageFiltersUITests.release.xcconfig */ = {isa = PBXFileReference; includeInIndex = 1; lastKnownFileType = text.xcconfig; name = "Pods-ImageFilters-ImageFiltersUITests.release.xcconfig"; path = "Target Support Files/Pods-ImageFilters-ImageFiltersUITests/Pods-ImageFilters-ImageFiltersUITests.release.xcconfig"; sourceTree = "<group>"; };
		AA8F5CBADD6AC251A8A01C78 /* Pods-ImageFilters-ImageFiltersUITests.debug.xcconfig */ = {isa = PBXFileReference; includeInIndex = 1; lastKnownFileType = text.xcconfig; name = "Pods-ImageFilters-ImageFiltersUITests.debug.xcconfig"; path = "Target Support Files/Pods-ImageFilters-ImageFiltersUITests/Pods-ImageFilters-ImageFiltersUITests.debug.xcconfig"; sourceTree = "<group>"; };
		E9AEA09C768E0D3C05A0877E /* Pods-ImageFilters.debug.xcconfig */ = {isa = PBXFileReference; includeInIndex = 1; lastKnownFileType = text.xcconfig; name = "Pods-ImageFilters.debug.xcconfig"; path = "Target Support Files/Pods-ImageFilters/Pods-ImageFilters.debug.xcconfig"; sourceTree = "<group>"; };
		EDD0DC334B210735FA5F9640 /* Pods-ImageFiltersTests.release.xcconfig */ = {isa = PBXFileReference; includeInIndex = 1; lastKnownFileType = text.xcconfig; name = "Pods-ImageFiltersTests.release.xcconfig"; path = "Target Support Files/Pods-ImageFiltersTests/Pods-ImageFiltersTests.release.xcconfig"; sourceTree = "<group>"; };
/* End PBXFileReference section */

/* Begin PBXFrameworksBuildPhase section */
		0AA6263F2B19391A007CD00E /* Frameworks */ = {
			isa = PBXFrameworksBuildPhase;
			buildActionMask = 2147483647;
			files = (
				9A4F143463A35D0234054211 /* Pods_ImageFilters.framework in Frameworks */,
			);
			runOnlyForDeploymentPostprocessing = 0;
		};
		0AA6264F2B19391B007CD00E /* Frameworks */ = {
			isa = PBXFrameworksBuildPhase;
			buildActionMask = 2147483647;
			files = (
				C248021D69ACA59DAA972BCD /* Pods_ImageFiltersTests.framework in Frameworks */,
			);
			runOnlyForDeploymentPostprocessing = 0;
		};
		0AA626592B19391B007CD00E /* Frameworks */ = {
			isa = PBXFrameworksBuildPhase;
			buildActionMask = 2147483647;
			files = (
				1FC4DA9E4603AA7B2A88E0B7 /* Pods_ImageFilters_ImageFiltersUITests.framework in Frameworks */,
			);
			runOnlyForDeploymentPostprocessing = 0;
		};
/* End PBXFrameworksBuildPhase section */

/* Begin PBXGroup section */
		0A4A24122B1A9D1B00B7787E /* Custom Shaders Screen */ = {
			isa = PBXGroup;
			children = (
				0A4A240E2B1A2B8D00B7787E /* CustomShadersView.swift */,
				0A4A24132B1A9D3400B7787E /* Subviews */,
			);
			path = "Custom Shaders Screen";
			sourceTree = "<group>";
		};
		0A4A24132B1A9D3400B7787E /* Subviews */ = {
			isa = PBXGroup;
			children = (
				0A4A24192B1AA04700B7787E /* CustomShaderButton.swift */,
			);
			path = Subviews;
			sourceTree = "<group>";
		};
		0A4A24142B1A9D5000B7787E /* Helpers */ = {
			isa = PBXGroup;
			children = (
				0A4A24022B19401600B7787E /* MetalShader.swift */,
				0A4A24102B1A91E600B7787E /* FilterFunction.swift */,
			);
			path = Helpers;
			sourceTree = "<group>";
		};
		0A4A24152B1A9D9700B7787E /* Filters Screen */ = {
			isa = PBXGroup;
			children = (
				0A4A24162B1A9E7900B7787E /* FiltersView.swift */,
				0A4A24182B1A9E8300B7787E /* Subviews */,
			);
			path = "Filters Screen";
			sourceTree = "<group>";
		};
		0A4A24182B1A9E8300B7787E /* Subviews */ = {
			isa = PBXGroup;
			children = (
				0A4A24062B19620900B7787E /* FilterButton.swift */,
			);
			path = Subviews;
			sourceTree = "<group>";
		};
		0AA626392B19391A007CD00E = {
			isa = PBXGroup;
			children = (
				0AA626442B19391A007CD00E /* ImageFilters */,
				0AA626552B19391B007CD00E /* ImageFiltersTests */,
				0AA6265F2B19391B007CD00E /* ImageFiltersUITests */,
				0AA626432B19391A007CD00E /* Products */,
				96B29DC9D744EC911898C5D2 /* Pods */,
				EC97DD1FF93154D29988C2CF /* Frameworks */,
			);
			sourceTree = "<group>";
		};
		0AA626432B19391A007CD00E /* Products */ = {
			isa = PBXGroup;
			children = (
				0AA626422B19391A007CD00E /* ImageFilters.app */,
				0AA626522B19391B007CD00E /* ImageFiltersTests.xctest */,
				0AA6265C2B19391B007CD00E /* ImageFiltersUITests.xctest */,
			);
			name = Products;
			sourceTree = "<group>";
		};
		0AA626442B19391A007CD00E /* ImageFilters */ = {
			isa = PBXGroup;
			children = (
				0AA626452B19391A007CD00E /* ImageFiltersApp.swift */,
				0AA626472B19391A007CD00E /* ContentView.swift */,
				0A4A24042B1955DC00B7787E /* HomeView.swift */,
				0A4A24122B1A9D1B00B7787E /* Custom Shaders Screen */,
				0A4A24152B1A9D9700B7787E /* Filters Screen */,
				0AA6266F2B193B30007CD00E /* Metal */,
				0A4A24142B1A9D5000B7787E /* Helpers */,
				0AA626492B19391B007CD00E /* Assets.xcassets */,
				0AA6264B2B19391B007CD00E /* Preview Content */,
			);
			path = ImageFilters;
			sourceTree = "<group>";
		};
		0AA6264B2B19391B007CD00E /* Preview Content */ = {
			isa = PBXGroup;
			children = (
				0AA6264C2B19391B007CD00E /* Preview Assets.xcassets */,
			);
			path = "Preview Content";
			sourceTree = "<group>";
		};
		0AA626552B19391B007CD00E /* ImageFiltersTests */ = {
			isa = PBXGroup;
			children = (
				0AA626562B19391B007CD00E /* ImageFiltersTests.swift */,
			);
			path = ImageFiltersTests;
			sourceTree = "<group>";
		};
		0AA6265F2B19391B007CD00E /* ImageFiltersUITests */ = {
			isa = PBXGroup;
			children = (
				0AA626602B19391B007CD00E /* ImageFiltersUITests.swift */,
				0AA626622B19391B007CD00E /* ImageFiltersUITestsLaunchTests.swift */,
			);
			path = ImageFiltersUITests;
			sourceTree = "<group>";
		};
		0AA6266F2B193B30007CD00E /* Metal */ = {
			isa = PBXGroup;
			children = (
				0A4A240C2B1A2AC900B7787E /* CustomShaders.metal */,
				0A4A24002B193FF000B7787E /* MetalHelperFunctions.metal */,
			);
			path = Metal;
			sourceTree = "<group>";
		};
		96B29DC9D744EC911898C5D2 /* Pods */ = {
			isa = PBXGroup;
			children = (
				E9AEA09C768E0D3C05A0877E /* Pods-ImageFilters.debug.xcconfig */,
				80873D13F466BC59B2DB1CD6 /* Pods-ImageFilters.release.xcconfig */,
				AA8F5CBADD6AC251A8A01C78 /* Pods-ImageFilters-ImageFiltersUITests.debug.xcconfig */,
				A2FB90173BB3C0E6FB9D47A9 /* Pods-ImageFilters-ImageFiltersUITests.release.xcconfig */,
				30B18942CDE0813B1B08CF48 /* Pods-ImageFiltersTests.debug.xcconfig */,
				EDD0DC334B210735FA5F9640 /* Pods-ImageFiltersTests.release.xcconfig */,
			);
			path = Pods;
			sourceTree = "<group>";
		};
		EC97DD1FF93154D29988C2CF /* Frameworks */ = {
			isa = PBXGroup;
			children = (
				98FE538F649158D5613B32A8 /* Pods_ImageFilters.framework */,
				01BF1A6EE73B277E3AAD0385 /* Pods_ImageFilters_ImageFiltersUITests.framework */,
				41E49D7FF27AFE2C329EC27A /* Pods_ImageFiltersTests.framework */,
			);
			name = Frameworks;
			sourceTree = "<group>";
		};
/* End PBXGroup section */

/* Begin PBXNativeTarget section */
		0AA626412B19391A007CD00E /* ImageFilters */ = {
			isa = PBXNativeTarget;
			buildConfigurationList = 0AA626662B19391B007CD00E /* Build configuration list for PBXNativeTarget "ImageFilters" */;
			buildPhases = (
				A24822A701F200435F17FC7B /* [CP] Check Pods Manifest.lock */,
				0AA6263E2B19391A007CD00E /* Sources */,
				0AA6263F2B19391A007CD00E /* Frameworks */,
				0AA626402B19391A007CD00E /* Resources */,
				B309F9D8740B6F4F29A21BF0 /* [CP] Embed Pods Frameworks */,
			);
			buildRules = (
			);
			dependencies = (
			);
			name = ImageFilters;
			productName = ImageFilters;
			productReference = 0AA626422B19391A007CD00E /* ImageFilters.app */;
			productType = "com.apple.product-type.application";
		};
		0AA626512B19391B007CD00E /* ImageFiltersTests */ = {
			isa = PBXNativeTarget;
			buildConfigurationList = 0AA626692B19391B007CD00E /* Build configuration list for PBXNativeTarget "ImageFiltersTests" */;
			buildPhases = (
				988BA7D81FDAB0246614E29A /* [CP] Check Pods Manifest.lock */,
				0AA6264E2B19391B007CD00E /* Sources */,
				0AA6264F2B19391B007CD00E /* Frameworks */,
				0AA626502B19391B007CD00E /* Resources */,
			);
			buildRules = (
			);
			dependencies = (
				0AA626542B19391B007CD00E /* PBXTargetDependency */,
			);
			name = ImageFiltersTests;
			productName = ImageFiltersTests;
			productReference = 0AA626522B19391B007CD00E /* ImageFiltersTests.xctest */;
			productType = "com.apple.product-type.bundle.unit-test";
		};
		0AA6265B2B19391B007CD00E /* ImageFiltersUITests */ = {
			isa = PBXNativeTarget;
			buildConfigurationList = 0AA6266C2B19391B007CD00E /* Build configuration list for PBXNativeTarget "ImageFiltersUITests" */;
			buildPhases = (
				F31D08DCA236D2DE3A7E141F /* [CP] Check Pods Manifest.lock */,
				0AA626582B19391B007CD00E /* Sources */,
				0AA626592B19391B007CD00E /* Frameworks */,
				0AA6265A2B19391B007CD00E /* Resources */,
				969A937D548CA2DB99060F8C /* [CP] Embed Pods Frameworks */,
			);
			buildRules = (
			);
			dependencies = (
				0AA6265E2B19391B007CD00E /* PBXTargetDependency */,
			);
			name = ImageFiltersUITests;
			productName = ImageFiltersUITests;
			productReference = 0AA6265C2B19391B007CD00E /* ImageFiltersUITests.xctest */;
			productType = "com.apple.product-type.bundle.ui-testing";
		};
/* End PBXNativeTarget section */

/* Begin PBXProject section */
		0AA6263A2B19391A007CD00E /* Project object */ = {
			isa = PBXProject;
			attributes = {
				BuildIndependentTargetsInParallel = 1;
				LastSwiftUpdateCheck = 1500;
				LastUpgradeCheck = 1500;
				TargetAttributes = {
					0AA626412B19391A007CD00E = {
						CreatedOnToolsVersion = 15.0;
					};
					0AA626512B19391B007CD00E = {
						CreatedOnToolsVersion = 15.0;
						TestTargetID = 0AA626412B19391A007CD00E;
					};
					0AA6265B2B19391B007CD00E = {
						CreatedOnToolsVersion = 15.0;
						TestTargetID = 0AA626412B19391A007CD00E;
					};
				};
			};
			buildConfigurationList = 0AA6263D2B19391A007CD00E /* Build configuration list for PBXProject "ImageFilters" */;
			compatibilityVersion = "Xcode 14.0";
			developmentRegion = en;
			hasScannedForEncodings = 0;
			knownRegions = (
				en,
				Base,
			);
			mainGroup = 0AA626392B19391A007CD00E;
			productRefGroup = 0AA626432B19391A007CD00E /* Products */;
			projectDirPath = "";
			projectRoot = "";
			targets = (
				0AA626412B19391A007CD00E /* ImageFilters */,
				0AA626512B19391B007CD00E /* ImageFiltersTests */,
				0AA6265B2B19391B007CD00E /* ImageFiltersUITests */,
			);
		};
/* End PBXProject section */

/* Begin PBXResourcesBuildPhase section */
		0AA626402B19391A007CD00E /* Resources */ = {
			isa = PBXResourcesBuildPhase;
			buildActionMask = 2147483647;
			files = (
				0AA6264D2B19391B007CD00E /* Preview Assets.xcassets in Resources */,
				0AA6264A2B19391B007CD00E /* Assets.xcassets in Resources */,
			);
			runOnlyForDeploymentPostprocessing = 0;
		};
		0AA626502B19391B007CD00E /* Resources */ = {
			isa = PBXResourcesBuildPhase;
			buildActionMask = 2147483647;
			files = (
			);
			runOnlyForDeploymentPostprocessing = 0;
		};
		0AA6265A2B19391B007CD00E /* Resources */ = {
			isa = PBXResourcesBuildPhase;
			buildActionMask = 2147483647;
			files = (
			);
			runOnlyForDeploymentPostprocessing = 0;
		};
/* End PBXResourcesBuildPhase section */

/* Begin PBXShellScriptBuildPhase section */
		969A937D548CA2DB99060F8C /* [CP] Embed Pods Frameworks */ = {
			isa = PBXShellScriptBuildPhase;
			buildActionMask = 2147483647;
			files = (
			);
			inputFileListPaths = (
				"${PODS_ROOT}/Target Support Files/Pods-ImageFilters-ImageFiltersUITests/Pods-ImageFilters-ImageFiltersUITests-frameworks-${CONFIGURATION}-input-files.xcfilelist",
			);
			name = "[CP] Embed Pods Frameworks";
			outputFileListPaths = (
				"${PODS_ROOT}/Target Support Files/Pods-ImageFilters-ImageFiltersUITests/Pods-ImageFilters-ImageFiltersUITests-frameworks-${CONFIGURATION}-output-files.xcfilelist",
			);
			runOnlyForDeploymentPostprocessing = 0;
			shellPath = /bin/sh;
			shellScript = "\"${PODS_ROOT}/Target Support Files/Pods-ImageFilters-ImageFiltersUITests/Pods-ImageFilters-ImageFiltersUITests-frameworks.sh\"\n";
			showEnvVarsInLog = 0;
		};
		988BA7D81FDAB0246614E29A /* [CP] Check Pods Manifest.lock */ = {
			isa = PBXShellScriptBuildPhase;
			buildActionMask = 2147483647;
			files = (
			);
			inputFileListPaths = (
			);
			inputPaths = (
				"${PODS_PODFILE_DIR_PATH}/Podfile.lock",
				"${PODS_ROOT}/Manifest.lock",
			);
			name = "[CP] Check Pods Manifest.lock";
			outputFileListPaths = (
			);
			outputPaths = (
				"$(DERIVED_FILE_DIR)/Pods-ImageFiltersTests-checkManifestLockResult.txt",
			);
			runOnlyForDeploymentPostprocessing = 0;
			shellPath = /bin/sh;
			shellScript = "diff \"${PODS_PODFILE_DIR_PATH}/Podfile.lock\" \"${PODS_ROOT}/Manifest.lock\" > /dev/null\nif [ $? != 0 ] ; then\n    # print error to STDERR\n    echo \"error: The sandbox is not in sync with the Podfile.lock. Run 'pod install' or update your CocoaPods installation.\" >&2\n    exit 1\nfi\n# This output is used by Xcode 'outputs' to avoid re-running this script phase.\necho \"SUCCESS\" > \"${SCRIPT_OUTPUT_FILE_0}\"\n";
			showEnvVarsInLog = 0;
		};
		A24822A701F200435F17FC7B /* [CP] Check Pods Manifest.lock */ = {
			isa = PBXShellScriptBuildPhase;
			buildActionMask = 2147483647;
			files = (
			);
			inputFileListPaths = (
			);
			inputPaths = (
				"${PODS_PODFILE_DIR_PATH}/Podfile.lock",
				"${PODS_ROOT}/Manifest.lock",
			);
			name = "[CP] Check Pods Manifest.lock";
			outputFileListPaths = (
			);
			outputPaths = (
				"$(DERIVED_FILE_DIR)/Pods-ImageFilters-checkManifestLockResult.txt",
			);
			runOnlyForDeploymentPostprocessing = 0;
			shellPath = /bin/sh;
			shellScript = "diff \"${PODS_PODFILE_DIR_PATH}/Podfile.lock\" \"${PODS_ROOT}/Manifest.lock\" > /dev/null\nif [ $? != 0 ] ; then\n    # print error to STDERR\n    echo \"error: The sandbox is not in sync with the Podfile.lock. Run 'pod install' or update your CocoaPods installation.\" >&2\n    exit 1\nfi\n# This output is used by Xcode 'outputs' to avoid re-running this script phase.\necho \"SUCCESS\" > \"${SCRIPT_OUTPUT_FILE_0}\"\n";
			showEnvVarsInLog = 0;
		};
		B309F9D8740B6F4F29A21BF0 /* [CP] Embed Pods Frameworks */ = {
			isa = PBXShellScriptBuildPhase;
			buildActionMask = 2147483647;
			files = (
			);
			inputFileListPaths = (
				"${PODS_ROOT}/Target Support Files/Pods-ImageFilters/Pods-ImageFilters-frameworks-${CONFIGURATION}-input-files.xcfilelist",
			);
			name = "[CP] Embed Pods Frameworks";
			outputFileListPaths = (
				"${PODS_ROOT}/Target Support Files/Pods-ImageFilters/Pods-ImageFilters-frameworks-${CONFIGURATION}-output-files.xcfilelist",
			);
			runOnlyForDeploymentPostprocessing = 0;
			shellPath = /bin/sh;
			shellScript = "\"${PODS_ROOT}/Target Support Files/Pods-ImageFilters/Pods-ImageFilters-frameworks.sh\"\n";
			showEnvVarsInLog = 0;
		};
		F31D08DCA236D2DE3A7E141F /* [CP] Check Pods Manifest.lock */ = {
			isa = PBXShellScriptBuildPhase;
			buildActionMask = 2147483647;
			files = (
			);
			inputFileListPaths = (
			);
			inputPaths = (
				"${PODS_PODFILE_DIR_PATH}/Podfile.lock",
				"${PODS_ROOT}/Manifest.lock",
			);
			name = "[CP] Check Pods Manifest.lock";
			outputFileListPaths = (
			);
			outputPaths = (
				"$(DERIVED_FILE_DIR)/Pods-ImageFilters-ImageFiltersUITests-checkManifestLockResult.txt",
			);
			runOnlyForDeploymentPostprocessing = 0;
			shellPath = /bin/sh;
			shellScript = "diff \"${PODS_PODFILE_DIR_PATH}/Podfile.lock\" \"${PODS_ROOT}/Manifest.lock\" > /dev/null\nif [ $? != 0 ] ; then\n    # print error to STDERR\n    echo \"error: The sandbox is not in sync with the Podfile.lock. Run 'pod install' or update your CocoaPods installation.\" >&2\n    exit 1\nfi\n# This output is used by Xcode 'outputs' to avoid re-running this script phase.\necho \"SUCCESS\" > \"${SCRIPT_OUTPUT_FILE_0}\"\n";
			showEnvVarsInLog = 0;
		};
/* End PBXShellScriptBuildPhase section */

/* Begin PBXSourcesBuildPhase section */
		0AA6263E2B19391A007CD00E /* Sources */ = {
			isa = PBXSourcesBuildPhase;
			buildActionMask = 2147483647;
			files = (
				0A4A240D2B1A2AC900B7787E /* CustomShaders.metal in Sources */,
				0AA626482B19391A007CD00E /* ContentView.swift in Sources */,
				0A4A24112B1A91E600B7787E /* FilterFunction.swift in Sources */,
				0A4A241A2B1AA04700B7787E /* CustomShaderButton.swift in Sources */,
				0A4A24012B193FF000B7787E /* MetalHelperFunctions.metal in Sources */,
				0A4A24172B1A9E7900B7787E /* FiltersView.swift in Sources */,
				0A4A240F2B1A2B8D00B7787E /* CustomShadersView.swift in Sources */,
				0A4A24052B1955DC00B7787E /* HomeView.swift in Sources */,
				0AA626462B19391A007CD00E /* ImageFiltersApp.swift in Sources */,
				0A4A24032B19401600B7787E /* MetalShader.swift in Sources */,
				0A4A24072B19620900B7787E /* FilterButton.swift in Sources */,
			);
			runOnlyForDeploymentPostprocessing = 0;
		};
		0AA6264E2B19391B007CD00E /* Sources */ = {
			isa = PBXSourcesBuildPhase;
			buildActionMask = 2147483647;
			files = (
				0AA626572B19391B007CD00E /* ImageFiltersTests.swift in Sources */,
			);
			runOnlyForDeploymentPostprocessing = 0;
		};
		0AA626582B19391B007CD00E /* Sources */ = {
			isa = PBXSourcesBuildPhase;
			buildActionMask = 2147483647;
			files = (
				0AA626632B19391B007CD00E /* ImageFiltersUITestsLaunchTests.swift in Sources */,
				0AA626612B19391B007CD00E /* ImageFiltersUITests.swift in Sources */,
			);
			runOnlyForDeploymentPostprocessing = 0;
		};
/* End PBXSourcesBuildPhase section */

/* Begin PBXTargetDependency section */
		0AA626542B19391B007CD00E /* PBXTargetDependency */ = {
			isa = PBXTargetDependency;
			target = 0AA626412B19391A007CD00E /* ImageFilters */;
			targetProxy = 0AA626532B19391B007CD00E /* PBXContainerItemProxy */;
		};
		0AA6265E2B19391B007CD00E /* PBXTargetDependency */ = {
			isa = PBXTargetDependency;
			target = 0AA626412B19391A007CD00E /* ImageFilters */;
			targetProxy = 0AA6265D2B19391B007CD00E /* PBXContainerItemProxy */;
		};
/* End PBXTargetDependency section */

/* Begin XCBuildConfiguration section */
		0AA626642B19391B007CD00E /* Debug */ = {
			isa = XCBuildConfiguration;
			buildSettings = {
				ALWAYS_SEARCH_USER_PATHS = NO;
				ASSETCATALOG_COMPILER_GENERATE_SWIFT_ASSET_SYMBOL_EXTENSIONS = YES;
				CLANG_ANALYZER_NONNULL = YES;
				CLANG_ANALYZER_NUMBER_OBJECT_CONVERSION = YES_AGGRESSIVE;
				CLANG_CXX_LANGUAGE_STANDARD = "gnu++20";
				CLANG_ENABLE_MODULES = YES;
				CLANG_ENABLE_OBJC_ARC = YES;
				CLANG_ENABLE_OBJC_WEAK = YES;
				CLANG_WARN_BLOCK_CAPTURE_AUTORELEASING = YES;
				CLANG_WARN_BOOL_CONVERSION = YES;
				CLANG_WARN_COMMA = YES;
				CLANG_WARN_CONSTANT_CONVERSION = YES;
				CLANG_WARN_DEPRECATED_OBJC_IMPLEMENTATIONS = YES;
				CLANG_WARN_DIRECT_OBJC_ISA_USAGE = YES_ERROR;
				CLANG_WARN_DOCUMENTATION_COMMENTS = YES;
				CLANG_WARN_EMPTY_BODY = YES;
				CLANG_WARN_ENUM_CONVERSION = YES;
				CLANG_WARN_INFINITE_RECURSION = YES;
				CLANG_WARN_INT_CONVERSION = YES;
				CLANG_WARN_NON_LITERAL_NULL_CONVERSION = YES;
				CLANG_WARN_OBJC_IMPLICIT_RETAIN_SELF = YES;
				CLANG_WARN_OBJC_LITERAL_CONVERSION = YES;
				CLANG_WARN_OBJC_ROOT_CLASS = YES_ERROR;
				CLANG_WARN_QUOTED_INCLUDE_IN_FRAMEWORK_HEADER = YES;
				CLANG_WARN_RANGE_LOOP_ANALYSIS = YES;
				CLANG_WARN_STRICT_PROTOTYPES = YES;
				CLANG_WARN_SUSPICIOUS_MOVE = YES;
				CLANG_WARN_UNGUARDED_AVAILABILITY = YES_AGGRESSIVE;
				CLANG_WARN_UNREACHABLE_CODE = YES;
				CLANG_WARN__DUPLICATE_METHOD_MATCH = YES;
				COPY_PHASE_STRIP = NO;
				DEBUG_INFORMATION_FORMAT = dwarf;
				ENABLE_STRICT_OBJC_MSGSEND = YES;
				ENABLE_TESTABILITY = YES;
				ENABLE_USER_SCRIPT_SANDBOXING = YES;
				GCC_C_LANGUAGE_STANDARD = gnu17;
				GCC_DYNAMIC_NO_PIC = NO;
				GCC_NO_COMMON_BLOCKS = YES;
				GCC_OPTIMIZATION_LEVEL = 0;
				GCC_PREPROCESSOR_DEFINITIONS = (
					"DEBUG=1",
					"$(inherited)",
				);
				GCC_WARN_64_TO_32_BIT_CONVERSION = YES;
				GCC_WARN_ABOUT_RETURN_TYPE = YES_ERROR;
				GCC_WARN_UNDECLARED_SELECTOR = YES;
				GCC_WARN_UNINITIALIZED_AUTOS = YES_AGGRESSIVE;
				GCC_WARN_UNUSED_FUNCTION = YES;
				GCC_WARN_UNUSED_VARIABLE = YES;
				IPHONEOS_DEPLOYMENT_TARGET = 17.0;
				LOCALIZATION_PREFERS_STRING_CATALOGS = YES;
				MTL_ENABLE_DEBUG_INFO = INCLUDE_SOURCE;
				MTL_FAST_MATH = YES;
				ONLY_ACTIVE_ARCH = YES;
				SDKROOT = iphoneos;
				SWIFT_ACTIVE_COMPILATION_CONDITIONS = "DEBUG $(inherited)";
				SWIFT_OPTIMIZATION_LEVEL = "-Onone";
			};
			name = Debug;
		};
		0AA626652B19391B007CD00E /* Release */ = {
			isa = XCBuildConfiguration;
			buildSettings = {
				ALWAYS_SEARCH_USER_PATHS = NO;
				ASSETCATALOG_COMPILER_GENERATE_SWIFT_ASSET_SYMBOL_EXTENSIONS = YES;
				CLANG_ANALYZER_NONNULL = YES;
				CLANG_ANALYZER_NUMBER_OBJECT_CONVERSION = YES_AGGRESSIVE;
				CLANG_CXX_LANGUAGE_STANDARD = "gnu++20";
				CLANG_ENABLE_MODULES = YES;
				CLANG_ENABLE_OBJC_ARC = YES;
				CLANG_ENABLE_OBJC_WEAK = YES;
				CLANG_WARN_BLOCK_CAPTURE_AUTORELEASING = YES;
				CLANG_WARN_BOOL_CONVERSION = YES;
				CLANG_WARN_COMMA = YES;
				CLANG_WARN_CONSTANT_CONVERSION = YES;
				CLANG_WARN_DEPRECATED_OBJC_IMPLEMENTATIONS = YES;
				CLANG_WARN_DIRECT_OBJC_ISA_USAGE = YES_ERROR;
				CLANG_WARN_DOCUMENTATION_COMMENTS = YES;
				CLANG_WARN_EMPTY_BODY = YES;
				CLANG_WARN_ENUM_CONVERSION = YES;
				CLANG_WARN_INFINITE_RECURSION = YES;
				CLANG_WARN_INT_CONVERSION = YES;
				CLANG_WARN_NON_LITERAL_NULL_CONVERSION = YES;
				CLANG_WARN_OBJC_IMPLICIT_RETAIN_SELF = YES;
				CLANG_WARN_OBJC_LITERAL_CONVERSION = YES;
				CLANG_WARN_OBJC_ROOT_CLASS = YES_ERROR;
				CLANG_WARN_QUOTED_INCLUDE_IN_FRAMEWORK_HEADER = YES;
				CLANG_WARN_RANGE_LOOP_ANALYSIS = YES;
				CLANG_WARN_STRICT_PROTOTYPES = YES;
				CLANG_WARN_SUSPICIOUS_MOVE = YES;
				CLANG_WARN_UNGUARDED_AVAILABILITY = YES_AGGRESSIVE;
				CLANG_WARN_UNREACHABLE_CODE = YES;
				CLANG_WARN__DUPLICATE_METHOD_MATCH = YES;
				COPY_PHASE_STRIP = NO;
				DEBUG_INFORMATION_FORMAT = "dwarf-with-dsym";
				ENABLE_NS_ASSERTIONS = NO;
				ENABLE_STRICT_OBJC_MSGSEND = YES;
				ENABLE_USER_SCRIPT_SANDBOXING = YES;
				GCC_C_LANGUAGE_STANDARD = gnu17;
				GCC_NO_COMMON_BLOCKS = YES;
				GCC_WARN_64_TO_32_BIT_CONVERSION = YES;
				GCC_WARN_ABOUT_RETURN_TYPE = YES_ERROR;
				GCC_WARN_UNDECLARED_SELECTOR = YES;
				GCC_WARN_UNINITIALIZED_AUTOS = YES_AGGRESSIVE;
				GCC_WARN_UNUSED_FUNCTION = YES;
				GCC_WARN_UNUSED_VARIABLE = YES;
				IPHONEOS_DEPLOYMENT_TARGET = 17.0;
				LOCALIZATION_PREFERS_STRING_CATALOGS = YES;
				MTL_ENABLE_DEBUG_INFO = NO;
				MTL_FAST_MATH = YES;
				SDKROOT = iphoneos;
				SWIFT_COMPILATION_MODE = wholemodule;
				VALIDATE_PRODUCT = YES;
			};
			name = Release;
		};
		0AA626672B19391B007CD00E /* Debug */ = {
			isa = XCBuildConfiguration;
			baseConfigurationReference = E9AEA09C768E0D3C05A0877E /* Pods-ImageFilters.debug.xcconfig */;
			buildSettings = {
				ASSETCATALOG_COMPILER_APPICON_NAME = AppIcon;
				ASSETCATALOG_COMPILER_GLOBAL_ACCENT_COLOR_NAME = AccentColor;
				CODE_SIGN_STYLE = Automatic;
				CURRENT_PROJECT_VERSION = 1;
				DEVELOPMENT_ASSET_PATHS = "\"ImageFilters/Preview Content\"";
				DEVELOPMENT_TEAM = VQT85223FJ;
				ENABLE_PREVIEWS = YES;
				ENABLE_USER_SCRIPT_SANDBOXING = NO;
				GENERATE_INFOPLIST_FILE = YES;
				INFOPLIST_KEY_UIApplicationSceneManifest_Generation = YES;
				INFOPLIST_KEY_UIApplicationSupportsIndirectInputEvents = YES;
				INFOPLIST_KEY_UILaunchScreen_Generation = YES;
				INFOPLIST_KEY_UISupportedInterfaceOrientations_iPad = "UIInterfaceOrientationPortrait UIInterfaceOrientationPortraitUpsideDown UIInterfaceOrientationLandscapeLeft UIInterfaceOrientationLandscapeRight";
				INFOPLIST_KEY_UISupportedInterfaceOrientations_iPhone = "UIInterfaceOrientationPortrait UIInterfaceOrientationLandscapeLeft UIInterfaceOrientationLandscapeRight";
				LD_RUNPATH_SEARCH_PATHS = (
					"$(inherited)",
					"@executable_path/Frameworks",
				);
				MARKETING_VERSION = 1.0;
				PRODUCT_BUNDLE_IDENTIFIER = com.ahmedsoultan.ImageFilters;
				PRODUCT_NAME = "$(TARGET_NAME)";
				SWIFT_EMIT_LOC_STRINGS = YES;
				SWIFT_VERSION = 5.0;
				TARGETED_DEVICE_FAMILY = "1,2";
			};
			name = Debug;
		};
		0AA626682B19391B007CD00E /* Release */ = {
			isa = XCBuildConfiguration;
			baseConfigurationReference = 80873D13F466BC59B2DB1CD6 /* Pods-ImageFilters.release.xcconfig */;
			buildSettings = {
				ASSETCATALOG_COMPILER_APPICON_NAME = AppIcon;
				ASSETCATALOG_COMPILER_GLOBAL_ACCENT_COLOR_NAME = AccentColor;
				CODE_SIGN_STYLE = Automatic;
				CURRENT_PROJECT_VERSION = 1;
				DEVELOPMENT_ASSET_PATHS = "\"ImageFilters/Preview Content\"";
				DEVELOPMENT_TEAM = VQT85223FJ;
				ENABLE_PREVIEWS = YES;
				ENABLE_USER_SCRIPT_SANDBOXING = NO;
				GENERATE_INFOPLIST_FILE = YES;
				INFOPLIST_KEY_UIApplicationSceneManifest_Generation = YES;
				INFOPLIST_KEY_UIApplicationSupportsIndirectInputEvents = YES;
				INFOPLIST_KEY_UILaunchScreen_Generation = YES;
				INFOPLIST_KEY_UISupportedInterfaceOrientations_iPad = "UIInterfaceOrientationPortrait UIInterfaceOrientationPortraitUpsideDown UIInterfaceOrientationLandscapeLeft UIInterfaceOrientationLandscapeRight";
				INFOPLIST_KEY_UISupportedInterfaceOrientations_iPhone = "UIInterfaceOrientationPortrait UIInterfaceOrientationLandscapeLeft UIInterfaceOrientationLandscapeRight";
				LD_RUNPATH_SEARCH_PATHS = (
					"$(inherited)",
					"@executable_path/Frameworks",
				);
				MARKETING_VERSION = 1.0;
				PRODUCT_BUNDLE_IDENTIFIER = com.ahmedsoultan.ImageFilters;
				PRODUCT_NAME = "$(TARGET_NAME)";
				SWIFT_EMIT_LOC_STRINGS = YES;
				SWIFT_VERSION = 5.0;
				TARGETED_DEVICE_FAMILY = "1,2";
			};
			name = Release;
		};
		0AA6266A2B19391B007CD00E /* Debug */ = {
			isa = XCBuildConfiguration;
			baseConfigurationReference = 30B18942CDE0813B1B08CF48 /* Pods-ImageFiltersTests.debug.xcconfig */;
			buildSettings = {
				ALWAYS_EMBED_SWIFT_STANDARD_LIBRARIES = YES;
				BUNDLE_LOADER = "$(TEST_HOST)";
				CODE_SIGN_STYLE = Automatic;
				CURRENT_PROJECT_VERSION = 1;
				DEVELOPMENT_TEAM = VQT85223FJ;
				GENERATE_INFOPLIST_FILE = YES;
				IPHONEOS_DEPLOYMENT_TARGET = 17.0;
				MARKETING_VERSION = 1.0;
				PRODUCT_BUNDLE_IDENTIFIER = com.ahmedsoultan.ImageFiltersTests;
				PRODUCT_NAME = "$(TARGET_NAME)";
				SWIFT_EMIT_LOC_STRINGS = NO;
				SWIFT_VERSION = 5.0;
				TARGETED_DEVICE_FAMILY = "1,2";
				TEST_HOST = "$(BUILT_PRODUCTS_DIR)/ImageFilters.app/$(BUNDLE_EXECUTABLE_FOLDER_PATH)/ImageFilters";
			};
			name = Debug;
		};
		0AA6266B2B19391B007CD00E /* Release */ = {
			isa = XCBuildConfiguration;
			baseConfigurationReference = EDD0DC334B210735FA5F9640 /* Pods-ImageFiltersTests.release.xcconfig */;
			buildSettings = {
				ALWAYS_EMBED_SWIFT_STANDARD_LIBRARIES = YES;
				BUNDLE_LOADER = "$(TEST_HOST)";
				CODE_SIGN_STYLE = Automatic;
				CURRENT_PROJECT_VERSION = 1;
				DEVELOPMENT_TEAM = VQT85223FJ;
				GENERATE_INFOPLIST_FILE = YES;
				IPHONEOS_DEPLOYMENT_TARGET = 17.0;
				MARKETING_VERSION = 1.0;
				PRODUCT_BUNDLE_IDENTIFIER = com.ahmedsoultan.ImageFiltersTests;
				PRODUCT_NAME = "$(TARGET_NAME)";
				SWIFT_EMIT_LOC_STRINGS = NO;
				SWIFT_VERSION = 5.0;
				TARGETED_DEVICE_FAMILY = "1,2";
				TEST_HOST = "$(BUILT_PRODUCTS_DIR)/ImageFilters.app/$(BUNDLE_EXECUTABLE_FOLDER_PATH)/ImageFilters";
			};
			name = Release;
		};
		0AA6266D2B19391B007CD00E /* Debug */ = {
			isa = XCBuildConfiguration;
			baseConfigurationReference = AA8F5CBADD6AC251A8A01C78 /* Pods-ImageFilters-ImageFiltersUITests.debug.xcconfig */;
			buildSettings = {
				ALWAYS_EMBED_SWIFT_STANDARD_LIBRARIES = YES;
				CODE_SIGN_STYLE = Automatic;
				CURRENT_PROJECT_VERSION = 1;
				DEVELOPMENT_TEAM = VQT85223FJ;
				GENERATE_INFOPLIST_FILE = YES;
				MARKETING_VERSION = 1.0;
				PRODUCT_BUNDLE_IDENTIFIER = com.ahmedsoultan.ImageFiltersUITests;
				PRODUCT_NAME = "$(TARGET_NAME)";
				SWIFT_EMIT_LOC_STRINGS = NO;
				SWIFT_VERSION = 5.0;
				TARGETED_DEVICE_FAMILY = "1,2";
				TEST_TARGET_NAME = ImageFilters;
			};
			name = Debug;
		};
		0AA6266E2B19391B007CD00E /* Release */ = {
			isa = XCBuildConfiguration;
			baseConfigurationReference = A2FB90173BB3C0E6FB9D47A9 /* Pods-ImageFilters-ImageFiltersUITests.release.xcconfig */;
			buildSettings = {
				ALWAYS_EMBED_SWIFT_STANDARD_LIBRARIES = YES;
				CODE_SIGN_STYLE = Automatic;
				CURRENT_PROJECT_VERSION = 1;
				DEVELOPMENT_TEAM = VQT85223FJ;
				GENERATE_INFOPLIST_FILE = YES;
				MARKETING_VERSION = 1.0;
				PRODUCT_BUNDLE_IDENTIFIER = com.ahmedsoultan.ImageFiltersUITests;
				PRODUCT_NAME = "$(TARGET_NAME)";
				SWIFT_EMIT_LOC_STRINGS = NO;
				SWIFT_VERSION = 5.0;
				TARGETED_DEVICE_FAMILY = "1,2";
				TEST_TARGET_NAME = ImageFilters;
			};
			name = Release;
		};
/* End XCBuildConfiguration section */

/* Begin XCConfigurationList section */
		0AA6263D2B19391A007CD00E /* Build configuration list for PBXProject "ImageFilters" */ = {
			isa = XCConfigurationList;
			buildConfigurations = (
				0AA626642B19391B007CD00E /* Debug */,
				0AA626652B19391B007CD00E /* Release */,
			);
			defaultConfigurationIsVisible = 0;
			defaultConfigurationName = Release;
		};
		0AA626662B19391B007CD00E /* Build configuration list for PBXNativeTarget "ImageFilters" */ = {
			isa = XCConfigurationList;
			buildConfigurations = (
				0AA626672B19391B007CD00E /* Debug */,
				0AA626682B19391B007CD00E /* Release */,
			);
			defaultConfigurationIsVisible = 0;
			defaultConfigurationName = Release;
		};
		0AA626692B19391B007CD00E /* Build configuration list for PBXNativeTarget "ImageFiltersTests" */ = {
			isa = XCConfigurationList;
			buildConfigurations = (
				0AA6266A2B19391B007CD00E /* Debug */,
				0AA6266B2B19391B007CD00E /* Release */,
			);
			defaultConfigurationIsVisible = 0;
			defaultConfigurationName = Release;
		};
		0AA6266C2B19391B007CD00E /* Build configuration list for PBXNativeTarget "ImageFiltersUITests" */ = {
			isa = XCConfigurationList;
			buildConfigurations = (
				0AA6266D2B19391B007CD00E /* Debug */,
				0AA6266E2B19391B007CD00E /* Release */,
			);
			defaultConfigurationIsVisible = 0;
			defaultConfigurationName = Release;
		};
/* End XCConfigurationList section */
	};
	rootObject = 0AA6263A2B19391A007CD00E /* Project object */;
}
